
Microsoft Visual Studio Solution File, Format Version 12.00
# Visual Studio Version 17
VisualStudioVersion = 17.4.33403.182
MinimumVisualStudioVersion = 10.0.40219.1
Project("{9A19103F-16F7-4668-BE54-9A1E7A4F7556}") = "Library1", "Library1\Library1.csproj", "{4BAF221D-8952-4EE9-81E0-4855E4D0FF77}"
EndProject
Project("{9A19103F-16F7-4668-BE54-9A1E7A4F7556}") = "Library2", "Library2\Library2.csproj", "{1DA3C74C-B0C2-4EE2-8EC0-F3B173BFDBED}"
EndProject
Project("{2150E333-8FDC-42A3-9474-1A3956D46DE8}") = "Class projects", "Class projects", "{F62FB30D-2F09-4594-B3AF-CD6408BAE573}"
EndProject
Project("{9A19103F-16F7-4668-BE54-9A1E7A4F7556}") = "Application1", "Application1\Application1.csproj", "{08502FD0-7A8F-47A4-9675-6F532192C066}"
EndProject
Project("{9A19103F-16F7-4668-BE54-9A1E7A4F7556}") = "Library3", "Library3\Library3.csproj", "{75B66E83-0F79-4A4E-8C7B-EE4F9ECB573F}"
EndProject
Project("{2150E333-8FDC-42A3-9474-1A3956D46DE8}") = "Solution Items", "Solution Items", "{6948FAF8-7756-4BC4-A118-6E5D1E23E1B3}"
	ProjectSection(SolutionItems) = preProject
		readme.md = readme.md
	EndProjectSection
EndProject
Global
	GlobalSection(SolutionConfigurationPlatforms) = preSolution
		Debug|Any CPU = Debug|Any CPU
		Release|Any CPU = Release|Any CPU
	EndGlobalSection
	GlobalSection(ProjectConfigurationPlatforms) = postSolution
		{4BAF221D-8952-4EE9-81E0-4855E4D0FF77}.Debug|Any CPU.ActiveCfg = Debug|Any CPU
		{4BAF221D-8952-4EE9-81E0-4855E4D0FF77}.Debug|Any CPU.Build.0 = Debug|Any CPU
		{4BAF221D-8952-4EE9-81E0-4855E4D0FF77}.Release|Any CPU.ActiveCfg = Release|Any CPU
		{4BAF221D-8952-4EE9-81E0-4855E4D0FF77}.Release|Any CPU.Build.0 = Release|Any CPU
		{1DA3C74C-B0C2-4EE2-8EC0-F3B173BFDBED}.Debug|Any CPU.ActiveCfg = Debug|Any CPU
		{1DA3C74C-B0C2-4EE2-8EC0-F3B173BFDBED}.Debug|Any CPU.Build.0 = Debug|Any CPU
		{1DA3C74C-B0C2-4EE2-8EC0-F3B173BFDBED}.Release|Any CPU.ActiveCfg = Release|Any CPU
		{1DA3C74C-B0C2-4EE2-8EC0-F3B173BFDBED}.Release|Any CPU.Build.0 = Release|Any CPU
		{08502FD0-7A8F-47A4-9675-6F532192C066}.Debug|Any CPU.ActiveCfg = Debug|Any CPU
		{08502FD0-7A8F-47A4-9675-6F532192C066}.Debug|Any CPU.Build.0 = Debug|Any CPU
		{08502FD0-7A8F-47A4-9675-6F532192C066}.Release|Any CPU.ActiveCfg = Release|Any CPU
		{08502FD0-7A8F-47A4-9675-6F532192C066}.Release|Any CPU.Build.0 = Release|Any CPU
		{75B66E83-0F79-4A4E-8C7B-EE4F9ECB573F}.Debug|Any CPU.ActiveCfg = Debug|Any CPU
		{75B66E83-0F79-4A4E-8C7B-EE4F9ECB573F}.Debug|Any CPU.Build.0 = Debug|Any CPU
		{75B66E83-0F79-4A4E-8C7B-EE4F9ECB573F}.Release|Any CPU.ActiveCfg = Release|Any CPU
		{75B66E83-0F79-4A4E-8C7B-EE4F9ECB573F}.Release|Any CPU.Build.0 = Release|Any CPU
	EndGlobalSection
	GlobalSection(SolutionProperties) = preSolution
		HideSolutionNode = FALSE
	EndGlobalSection
	GlobalSection(NestedProjects) = preSolution
		{4BAF221D-8952-4EE9-81E0-4855E4D0FF77} = {F62FB30D-2F09-4594-B3AF-CD6408BAE573}
		{1DA3C74C-B0C2-4EE2-8EC0-F3B173BFDBED} = {F62FB30D-2F09-4594-B3AF-CD6408BAE573}
		{75B66E83-0F79-4A4E-8C7B-EE4F9ECB573F} = {F62FB30D-2F09-4594-B3AF-CD6408BAE573}
	EndGlobalSection
	GlobalSection(ExtensibilityGlobals) = postSolution
		SolutionGuid = {E86514ED-CB96-4D48-A0EC-860D6211EB9E}
	EndGlobalSection
EndGlobal
